// !$*UTF8*$!
{
	archiveVersion = 1;
	classes = {
	};
	objectVersion = 50;
	objects = {

/* Begin PBXBuildFile section */
		CA1EDE62207E25DA003B92C9 /* AppDelegate.swift in Sources */ = {isa = PBXBuildFile; fileRef = CA1EDE61207E25DA003B92C9 /* AppDelegate.swift */; };
		CA1EDE64207E25DA003B92C9 /* ViewController.swift in Sources */ = {isa = PBXBuildFile; fileRef = CA1EDE63207E25DA003B92C9 /* ViewController.swift */; };
		CA1EDE67207E25DA003B92C9 /* Main.storyboard in Resources */ = {isa = PBXBuildFile; fileRef = CA1EDE65207E25DA003B92C9 /* Main.storyboard */; };
		CA1EDE69207E25E1003B92C9 /* Assets.xcassets in Resources */ = {isa = PBXBuildFile; fileRef = CA1EDE68207E25E1003B92C9 /* Assets.xcassets */; };
		CA1EDE6C207E25E1003B92C9 /* LaunchScreen.storyboard in Resources */ = {isa = PBXBuildFile; fileRef = CA1EDE6A207E25E1003B92C9 /* LaunchScreen.storyboard */; };
		CA1EDE77207E25E1003B92C9 /* BarabaraGameTests.swift in Sources */ = {isa = PBXBuildFile; fileRef = CA1EDE76207E25E1003B92C9 /* BarabaraGameTests.swift */; };
		CA1EDE82207E25E1003B92C9 /* BarabaraGameUITests.swift in Sources */ = {isa = PBXBuildFile; fileRef = CA1EDE81207E25E1003B92C9 /* BarabaraGameUITests.swift */; };
/* End PBXBuildFile section */

/* Begin PBXContainerItemProxy section */
		CA1EDE73207E25E1003B92C9 /* PBXContainerItemProxy */ = {
			isa = PBXContainerItemProxy;
			containerPortal = CA1EDE56207E25D9003B92C9 /* Project object */;
			proxyType = 1;
			remoteGlobalIDString = CA1EDE5D207E25D9003B92C9;
			remoteInfo = BarabaraGame;
		};
		CA1EDE7E207E25E1003B92C9 /* PBXContainerItemProxy */ = {
			isa = PBXContainerItemProxy;
			containerPortal = CA1EDE56207E25D9003B92C9 /* Project object */;
			proxyType = 1;
			remoteGlobalIDString = CA1EDE5D207E25D9003B92C9;
			remoteInfo = BarabaraGame;
		};
/* End PBXContainerItemProxy section */

/* Begin PBXFileReference section */
		CA1EDE5E207E25D9003B92C9 /* BarabaraGame.app */ = {isa = PBXFileReference; explicitFileType = wrapper.application; includeInIndex = 0; path = BarabaraGame.app; sourceTree = BUILT_PRODUCTS_DIR; };
		CA1EDE61207E25DA003B92C9 /* AppDelegate.swift */ = {isa = PBXFileReference; lastKnownFileType = sourcecode.swift; path = AppDelegate.swift; sourceTree = "<group>"; };
		CA1EDE63207E25DA003B92C9 /* ViewController.swift */ = {isa = PBXFileReference; lastKnownFileType = sourcecode.swift; path = ViewController.swift; sourceTree = "<group>"; };
		CA1EDE66207E25DA003B92C9 /* Base */ = {isa = PBXFileReference; lastKnownFileType = file.storyboard; name = Base; path = Base.lproj/Main.storyboard; sourceTree = "<group>"; };
		CA1EDE68207E25E1003B92C9 /* Assets.xcassets */ = {isa = PBXFileReference; lastKnownFileType = folder.assetcatalog; path = Assets.xcassets; sourceTree = "<group>"; };
		CA1EDE6B207E25E1003B92C9 /* Base */ = {isa = PBXFileReference; lastKnownFileType = file.storyboard; name = Base; path = Base.lproj/LaunchScreen.storyboard; sourceTree = "<group>"; };
		CA1EDE6D207E25E1003B92C9 /* Info.plist */ = {isa = PBXFileReference; lastKnownFileType = text.plist.xml; path = Info.plist; sourceTree = "<group>"; };
		CA1EDE72207E25E1003B92C9 /* BarabaraGameTests.xctest */ = {isa = PBXFileReference; explicitFileType = wrapper.cfbundle; includeInIndex = 0; path = BarabaraGameTests.xctest; sourceTree = BUILT_PRODUCTS_DIR; };
		CA1EDE76207E25E1003B92C9 /* BarabaraGameTests.swift */ = {isa = PBXFileReference; lastKnownFileType = sourcecode.swift; path = BarabaraGameTests.swift; sourceTree = "<group>"; };
		CA1EDE78207E25E1003B92C9 /* Info.plist */ = {isa = PBXFileReference; lastKnownFileType = text.plist.xml; path = Info.plist; sourceTree = "<group>"; };
		CA1EDE7D207E25E1003B92C9 /* BarabaraGameUITests.xctest */ = {isa = PBXFileReference; explicitFileType = wrapper.cfbundle; includeInIndex = 0; path = BarabaraGameUITests.xctest; sourceTree = BUILT_PRODUCTS_DIR; };
		CA1EDE81207E25E1003B92C9 /* BarabaraGameUITests.swift */ = {isa = PBXFileReference; lastKnownFileType = sourcecode.swift; path = BarabaraGameUITests.swift; sourceTree = "<group>"; };
		CA1EDE83207E25E1003B92C9 /* Info.plist */ = {isa = PBXFileReference; lastKnownFileType = text.plist.xml; path = Info.plist; sourceTree = "<group>"; };
/* End PBXFileReference section */

/* Begin PBXFrameworksBuildPhase section */
		CA1EDE5B207E25D9003B92C9 /* Frameworks */ = {
			isa = PBXFrameworksBuildPhase;
			buildActionMask = 2147483647;
			files = (
			);
			runOnlyForDeploymentPostprocessing = 0;
		};
		CA1EDE6F207E25E1003B92C9 /* Frameworks */ = {
			isa = PBXFrameworksBuildPhase;
			buildActionMask = 2147483647;
			files = (
			);
			runOnlyForDeploymentPostprocessing = 0;
		};
		CA1EDE7A207E25E1003B92C9 /* Frameworks */ = {
			isa = PBXFrameworksBuildPhase;
			buildActionMask = 2147483647;
			files = (
			);
			runOnlyForDeploymentPostprocessing = 0;
		};
/* End PBXFrameworksBuildPhase section */

/* Begin PBXGroup section */
		CA1EDE55207E25D9003B92C9 = {
			isa = PBXGroup;
			children = (
				CA1EDE60207E25D9003B92C9 /* BarabaraGame */,
				CA1EDE75207E25E1003B92C9 /* BarabaraGameTests */,
				CA1EDE80207E25E1003B92C9 /* BarabaraGameUITests */,
				CA1EDE5F207E25D9003B92C9 /* Products */,
			);
			sourceTree = "<group>";
		};
		CA1EDE5F207E25D9003B92C9 /* Products */ = {
			isa = PBXGroup;
			children = (
				CA1EDE5E207E25D9003B92C9 /* BarabaraGame.app */,
				CA1EDE72207E25E1003B92C9 /* BarabaraGameTests.xctest */,
				CA1EDE7D207E25E1003B92C9 /* BarabaraGameUITests.xctest */,
			);
			name = Products;
			sourceTree = "<group>";
		};
		CA1EDE60207E25D9003B92C9 /* BarabaraGame */ = {
			isa = PBXGroup;
			children = (
				CA1EDE61207E25DA003B92C9 /* AppDelegate.swift */,
				CA1EDE63207E25DA003B92C9 /* ViewController.swift */,
				CA1EDE65207E25DA003B92C9 /* Main.storyboard */,
				CA1EDE68207E25E1003B92C9 /* Assets.xcassets */,
				CA1EDE6A207E25E1003B92C9 /* LaunchScreen.storyboard */,
				CA1EDE6D207E25E1003B92C9 /* Info.plist */,
			);
			path = BarabaraGame;
			sourceTree = "<group>";
		};
		CA1EDE75207E25E1003B92C9 /* BarabaraGameTests */ = {
			isa = PBXGroup;
			children = (
				CA1EDE76207E25E1003B92C9 /* BarabaraGameTests.swift */,
				CA1EDE78207E25E1003B92C9 /* Info.plist */,
			);
			path = BarabaraGameTests;
			sourceTree = "<group>";
		};
		CA1EDE80207E25E1003B92C9 /* BarabaraGameUITests */ = {
			isa = PBXGroup;
			children = (
				CA1EDE81207E25E1003B92C9 /* BarabaraGameUITests.swift */,
				CA1EDE83207E25E1003B92C9 /* Info.plist */,
			);
			path = BarabaraGameUITests;
			sourceTree = "<group>";
		};
/* End PBXGroup section */

/* Begin PBXNativeTarget section */
		CA1EDE5D207E25D9003B92C9 /* BarabaraGame */ = {
			isa = PBXNativeTarget;
			buildConfigurationList = CA1EDE86207E25E1003B92C9 /* Build configuration list for PBXNativeTarget "BarabaraGame" */;
			buildPhases = (
				CA1EDE5A207E25D9003B92C9 /* Sources */,
				CA1EDE5B207E25D9003B92C9 /* Frameworks */,
				CA1EDE5C207E25D9003B92C9 /* Resources */,
			);
			buildRules = (
			);
			dependencies = (
			);
			name = BarabaraGame;
			productName = BarabaraGame;
			productReference = CA1EDE5E207E25D9003B92C9 /* BarabaraGame.app */;
			productType = "com.apple.product-type.application";
		};
		CA1EDE71207E25E1003B92C9 /* BarabaraGameTests */ = {
			isa = PBXNativeTarget;
			buildConfigurationList = CA1EDE89207E25E1003B92C9 /* Build configuration list for PBXNativeTarget "BarabaraGameTests" */;
			buildPhases = (
				CA1EDE6E207E25E1003B92C9 /* Sources */,
				CA1EDE6F207E25E1003B92C9 /* Frameworks */,
				CA1EDE70207E25E1003B92C9 /* Resources */,
			);
			buildRules = (
			);
			dependencies = (
				CA1EDE74207E25E1003B92C9 /* PBXTargetDependency */,
			);
			name = BarabaraGameTests;
			productName = BarabaraGameTests;
			productReference = CA1EDE72207E25E1003B92C9 /* BarabaraGameTests.xctest */;
			productType = "com.apple.product-type.bundle.unit-test";
		};
		CA1EDE7C207E25E1003B92C9 /* BarabaraGameUITests */ = {
			isa = PBXNativeTarget;
			buildConfigurationList = CA1EDE8C207E25E1003B92C9 /* Build configuration list for PBXNativeTarget "BarabaraGameUITests" */;
			buildPhases = (
				CA1EDE79207E25E1003B92C9 /* Sources */,
				CA1EDE7A207E25E1003B92C9 /* Frameworks */,
				CA1EDE7B207E25E1003B92C9 /* Resources */,
			);
			buildRules = (
			);
			dependencies = (
				CA1EDE7F207E25E1003B92C9 /* PBXTargetDependency */,
			);
			name = BarabaraGameUITests;
			productName = BarabaraGameUITests;
			productReference = CA1EDE7D207E25E1003B92C9 /* BarabaraGameUITests.xctest */;
			productType = "com.apple.product-type.bundle.ui-testing";
		};
/* End PBXNativeTarget section */

/* Begin PBXProject section */
		CA1EDE56207E25D9003B92C9 /* Project object */ = {
			isa = PBXProject;
			attributes = {
				LastSwiftUpdateCheck = 0930;
				LastUpgradeCheck = 0930;
				ORGANIZATIONNAME = sho;
				TargetAttributes = {
					CA1EDE5D207E25D9003B92C9 = {
						CreatedOnToolsVersion = 9.3;
					};
					CA1EDE71207E25E1003B92C9 = {
						CreatedOnToolsVersion = 9.3;
						TestTargetID = CA1EDE5D207E25D9003B92C9;
					};
					CA1EDE7C207E25E1003B92C9 = {
						CreatedOnToolsVersion = 9.3;
						TestTargetID = CA1EDE5D207E25D9003B92C9;
					};
				};
			};
			buildConfigurationList = CA1EDE59207E25D9003B92C9 /* Build configuration list for PBXProject "BarabaraGame" */;
			compatibilityVersion = "Xcode 9.3";
			developmentRegion = en;
			hasScannedForEncodings = 0;
			knownRegions = (
				en,
				Base,
			);
			mainGroup = CA1EDE55207E25D9003B92C9;
			productRefGroup = CA1EDE5F207E25D9003B92C9 /* Products */;
			projectDirPath = "";
			projectRoot = "";
			targets = (
				CA1EDE5D207E25D9003B92C9 /* BarabaraGame */,
				CA1EDE71207E25E1003B92C9 /* BarabaraGameTests */,
				CA1EDE7C207E25E1003B92C9 /* BarabaraGameUITests */,
			);
		};
/* End PBXProject section */

/* Begin PBXResourcesBuildPhase section */
		CA1EDE5C207E25D9003B92C9 /* Resources */ = {
			isa = PBXResourcesBuildPhase;
			buildActionMask = 2147483647;
			files = (
				CA1EDE6C207E25E1003B92C9 /* LaunchScreen.storyboard in Resources */,
				CA1EDE69207E25E1003B92C9 /* Assets.xcassets in Resources */,
				CA1EDE67207E25DA003B92C9 /* Main.storyboard in Resources */,
			);
			runOnlyForDeploymentPostprocessing = 0;
		};
		CA1EDE70207E25E1003B92C9 /* Resources */ = {
			isa = PBXResourcesBuildPhase;
			buildActionMask = 2147483647;
			files = (
			);
			runOnlyForDeploymentPostprocessing = 0;
		};
		CA1EDE7B207E25E1003B92C9 /* Resources */ = {
			isa = PBXResourcesBuildPhase;
			buildActionMask = 2147483647;
			files = (
			);
			runOnlyForDeploymentPostprocessing = 0;
		};
/* End PBXResourcesBuildPhase section */

/* Begin PBXSourcesBuildPhase section */
		CA1EDE5A207E25D9003B92C9 /* Sources */ = {
			isa = PBXSourcesBuildPhase;
			buildActionMask = 2147483647;
			files = (
				CA1EDE64207E25DA003B92C9 /* ViewController.swift in Sources */,
				CA1EDE62207E25DA003B92C9 /* AppDelegate.swift in Sources */,
			);
			runOnlyForDeploymentPostprocessing = 0;
		};
		CA1EDE6E207E25E1003B92C9 /* Sources */ = {
			isa = PBXSourcesBuildPhase;
			buildActionMask = 2147483647;
			files = (
				CA1EDE77207E25E1003B92C9 /* BarabaraGameTests.swift in Sources */,
			);
			runOnlyForDeploymentPostprocessing = 0;
		};
		CA1EDE79207E25E1003B92C9 /* Sources */ = {
			isa = PBXSourcesBuildPhase;
			buildActionMask = 2147483647;
			files = (
				CA1EDE82207E25E1003B92C9 /* BarabaraGameUITests.swift in Sources */,
			);
			runOnlyForDeploymentPostprocessing = 0;
		};
/* End PBXSourcesBuildPhase section */

/* Begin PBXTargetDependency section */
		CA1EDE74207E25E1003B92C9 /* PBXTargetDependency */ = {
			isa = PBXTargetDependency;
			target = CA1EDE5D207E25D9003B92C9 /* BarabaraGame */;
			targetProxy = CA1EDE73207E25E1003B92C9 /* PBXContainerItemProxy */;
		};
		CA1EDE7F207E25E1003B92C9 /* PBXTargetDependency */ = {
			isa = PBXTargetDependency;
			target = CA1EDE5D207E25D9003B92C9 /* BarabaraGame */;
			targetProxy = CA1EDE7E207E25E1003B92C9 /* PBXContainerItemProxy */;
		};
/* End PBXTargetDependency section */

/* Begin PBXVariantGroup section */
		CA1EDE65207E25DA003B92C9 /* Main.storyboard */ = {
			isa = PBXVariantGroup;
			children = (
				CA1EDE66207E25DA003B92C9 /* Base */,
			);
			name = Main.storyboard;
			sourceTree = "<group>";
		};
		CA1EDE6A207E25E1003B92C9 /* LaunchScreen.storyboard */ = {
			isa = PBXVariantGroup;
			children = (
				CA1EDE6B207E25E1003B92C9 /* Base */,
			);
			name = LaunchScreen.storyboard;
			sourceTree = "<group>";
		};
/* End PBXVariantGroup section */

/* Begin XCBuildConfiguration section */
		CA1EDE84207E25E1003B92C9 /* Debug */ = {
			isa = XCBuildConfiguration;
			buildSettings = {
				ALWAYS_SEARCH_USER_PATHS = NO;
				CLANG_ANALYZER_NONNULL = YES;
				CLANG_ANALYZER_NUMBER_OBJECT_CONVERSION = YES_AGGRESSIVE;
				CLANG_CXX_LANGUAGE_STANDARD = "gnu++14";
				CLANG_CXX_LIBRARY = "libc++";
				CLANG_ENABLE_MODULES = YES;
				CLANG_ENABLE_OBJC_ARC = YES;
				CLANG_ENABLE_OBJC_WEAK = YES;
				CLANG_WARN_BLOCK_CAPTURE_AUTORELEASING = YES;
				CLANG_WARN_BOOL_CONVERSION = YES;
				CLANG_WARN_COMMA = YES;
				CLANG_WARN_CONSTANT_CONVERSION = YES;
				CLANG_WARN_DEPRECATED_OBJC_IMPLEMENTATIONS = YES;
				CLANG_WARN_DIRECT_OBJC_ISA_USAGE = YES_ERROR;
				CLANG_WARN_DOCUMENTATION_COMMENTS = YES;
				CLANG_WARN_EMPTY_BODY = YES;
				CLANG_WARN_ENUM_CONVERSION = YES;
				CLANG_WARN_INFINITE_RECURSION = YES;
				CLANG_WARN_INT_CONVERSION = YES;
				CLANG_WARN_NON_LITERAL_NULL_CONVERSION = YES;
				CLANG_WARN_OBJC_IMPLICIT_RETAIN_SELF = YES;
				CLANG_WARN_OBJC_LITERAL_CONVERSION = YES;
				CLANG_WARN_OBJC_ROOT_CLASS = YES_ERROR;
				CLANG_WARN_RANGE_LOOP_ANALYSIS = YES;
				CLANG_WARN_STRICT_PROTOTYPES = YES;
				CLANG_WARN_SUSPICIOUS_MOVE = YES;
				CLANG_WARN_UNGUARDED_AVAILABILITY = YES_AGGRESSIVE;
				CLANG_WARN_UNREACHABLE_CODE = YES;
				CLANG_WARN__DUPLICATE_METHOD_MATCH = YES;
				CODE_SIGN_IDENTITY = "iPhone Developer";
				COPY_PHASE_STRIP = NO;
				DEBUG_INFORMATION_FORMAT = dwarf;
				ENABLE_STRICT_OBJC_MSGSEND = YES;
				ENABLE_TESTABILITY = YES;
				GCC_C_LANGUAGE_STANDARD = gnu11;
				GCC_DYNAMIC_NO_PIC = NO;
				GCC_NO_COMMON_BLOCKS = YES;
				GCC_OPTIMIZATION_LEVEL = 0;
				GCC_PREPROCESSOR_DEFINITIONS = (
					"DEBUG=1",
					"$(inherited)",
				);
				GCC_WARN_64_TO_32_BIT_CONVERSION = YES;
				GCC_WARN_ABOUT_RETURN_TYPE = YES_ERROR;
				GCC_WARN_UNDECLARED_SELECTOR = YES;
				GCC_WARN_UNINITIALIZED_AUTOS = YES_AGGRESSIVE;
				GCC_WARN_UNUSED_FUNCTION = YES;
				GCC_WARN_UNUSED_VARIABLE = YES;
				IPHONEOS_DEPLOYMENT_TARGET = 11.3;
				MTL_ENABLE_DEBUG_INFO = YES;
				ONLY_ACTIVE_ARCH = YES;
				SDKROOT = iphoneos;
				SWIFT_ACTIVE_COMPILATION_CONDITIONS = DEBUG;
				SWIFT_OPTIMIZATION_LEVEL = "-Onone";
			};
			name = Debug;
		};
		CA1EDE85207E25E1003B92C9 /* Release */ = {
			isa = XCBuildConfiguration;
			buildSettings = {
				ALWAYS_SEARCH_USER_PATHS = NO;
				CLANG_ANALYZER_NONNULL = YES;
				CLANG_ANALYZER_NUMBER_OBJECT_CONVERSION = YES_AGGRESSIVE;
				CLANG_CXX_LANGUAGE_STANDARD = "gnu++14";
				CLANG_CXX_LIBRARY = "libc++";
				CLANG_ENABLE_MODULES = YES;
				CLANG_ENABLE_OBJC_ARC = YES;
				CLANG_ENABLE_OBJC_WEAK = YES;
				CLANG_WARN_BLOCK_CAPTURE_AUTORELEASING = YES;
				CLANG_WARN_BOOL_CONVERSION = YES;
				CLANG_WARN_COMMA = YES;
				CLANG_WARN_CONSTANT_CONVERSION = YES;
				CLANG_WARN_DEPRECATED_OBJC_IMPLEMENTATIONS = YES;
				CLANG_WARN_DIRECT_OBJC_ISA_USAGE = YES_ERROR;
				CLANG_WARN_DOCUMENTATION_COMMENTS = YES;
				CLANG_WARN_EMPTY_BODY = YES;
				CLANG_WARN_ENUM_CONVERSION = YES;
				CLANG_WARN_INFINITE_RECURSION = YES;
				CLANG_WARN_INT_CONVERSION = YES;
				CLANG_WARN_NON_LITERAL_NULL_CONVERSION = YES;
				CLANG_WARN_OBJC_IMPLICIT_RETAIN_SELF = YES;
				CLANG_WARN_OBJC_LITERAL_CONVERSION = YES;
				CLANG_WARN_OBJC_ROOT_CLASS = YES_ERROR;
				CLANG_WARN_RANGE_LOOP_ANALYSIS = YES;
				CLANG_WARN_STRICT_PROTOTYPES = YES;
				CLANG_WARN_SUSPICIOUS_MOVE = YES;
				CLANG_WARN_UNGUARDED_AVAILABILITY = YES_AGGRESSIVE;
				CLANG_WARN_UNREACHABLE_CODE = YES;
				CLANG_WARN__DUPLICATE_METHOD_MATCH = YES;
				CODE_SIGN_IDENTITY = "iPhone Developer";
				COPY_PHASE_STRIP = NO;
				DEBUG_INFORMATION_FORMAT = "dwarf-with-dsym";
				ENABLE_NS_ASSERTIONS = NO;
				ENABLE_STRICT_OBJC_MSGSEND = YES;
				GCC_C_LANGUAGE_STANDARD = gnu11;
				GCC_NO_COMMON_BLOCKS = YES;
				GCC_WARN_64_TO_32_BIT_CONVERSION = YES;
				GCC_WARN_ABOUT_RETURN_TYPE = YES_ERROR;
				GCC_WARN_UNDECLARED_SELECTOR = YES;
				GCC_WARN_UNINITIALIZED_AUTOS = YES_AGGRESSIVE;
				GCC_WARN_UNUSED_FUNCTION = YES;
				GCC_WARN_UNUSED_VARIABLE = YES;
				IPHONEOS_DEPLOYMENT_TARGET = 11.3;
				MTL_ENABLE_DEBUG_INFO = NO;
				SDKROOT = iphoneos;
				SWIFT_COMPILATION_MODE = wholemodule;
				SWIFT_OPTIMIZATION_LEVEL = "-O";
				VALIDATE_PRODUCT = YES;
			};
			name = Release;
		};
		CA1EDE87207E25E1003B92C9 /* Debug */ = {
			isa = XCBuildConfiguration;
			buildSettings = {
				ASSETCATALOG_COMPILER_APPICON_NAME = AppIcon;
				CODE_SIGN_STYLE = Automatic;
				DEVELOPMENT_TEAM = BV8VP6YGE9;
				INFOPLIST_FILE = BarabaraGame/Info.plist;
				LD_RUNPATH_SEARCH_PATHS = (
					"$(inherited)",
					"@executable_path/Frameworks",
				);
				PRODUCT_BUNDLE_IDENTIFIER = jp.sho.BarabaraGame;
				PRODUCT_NAME = "$(TARGET_NAME)";
				SWIFT_VERSION = 4.0;
				TARGETED_DEVICE_FAMILY = "1,2";
			};
			name = Debug;
		};
		CA1EDE88207E25E1003B92C9 /* Release */ = {
			isa = XCBuildConfiguration;
			buildSettings = {
				ASSETCATALOG_COMPILER_APPICON_NAME = AppIcon;
				CODE_SIGN_STYLE = Automatic;
				DEVELOPMENT_TEAM = BV8VP6YGE9;
				INFOPLIST_FILE = BarabaraGame/Info.plist;
				LD_RUNPATH_SEARCH_PATHS = (
					"$(inherited)",
					"@executable_path/Frameworks",
				);
				PRODUCT_BUNDLE_IDENTIFIER = jp.sho.BarabaraGame;
				PRODUCT_NAME = "$(TARGET_NAME)";
				SWIFT_VERSION = 4.0;
				TARGETED_DEVICE_FAMILY = "1,2";
			};
			name = Release;
		};
		CA1EDE8A207E25E1003B92C9 /* Debug */ = {
			isa = XCBuildConfiguration;
			buildSettings = {
				ALWAYS_EMBED_SWIFT_STANDARD_LIBRARIES = YES;
				BUNDLE_LOADER = "$(TEST_HOST)";
				CODE_SIGN_STYLE = Automatic;
				DEVELOPMENT_TEAM = BV8VP6YGE9;
				INFOPLIST_FILE = BarabaraGameTests/Info.plist;
				LD_RUNPATH_SEARCH_PATHS = (
					"$(inherited)",
					"@executable_path/Frameworks",
					"@loader_path/Frameworks",
				);
				PRODUCT_BUNDLE_IDENTIFIER = jp.sho.BarabaraGameTests;
				PRODUCT_NAME = "$(TARGET_NAME)";
				SWIFT_VERSION = 4.0;
				TARGETED_DEVICE_FAMILY = "1,2";
				TEST_HOST = "$(BUILT_PRODUCTS_DIR)/BarabaraGame.app/BarabaraGame";
			};
			name = Debug;
		};
		CA1EDE8B207E25E1003B92C9 /* Release */ = {
			isa = XCBuildConfiguration;
			buildSettings = {
				ALWAYS_EMBED_SWIFT_STANDARD_LIBRARIES = YES;
				BUNDLE_LOADER = "$(TEST_HOST)";
				CODE_SIGN_STYLE = Automatic;
				DEVELOPMENT_TEAM = BV8VP6YGE9;
				INFOPLIST_FILE = BarabaraGameTests/Info.plist;
				LD_RUNPATH_SEARCH_PATHS = (
					"$(inherited)",
					"@executable_path/Frameworks",
					"@loader_path/Frameworks",
				);
				PRODUCT_BUNDLE_IDENTIFIER = jp.sho.BarabaraGameTests;
				PRODUCT_NAME = "$(TARGET_NAME)";
				SWIFT_VERSION = 4.0;
				TARGETED_DEVICE_FAMILY = "1,2";
				TEST_HOST = "$(BUILT_PRODUCTS_DIR)/BarabaraGame.app/BarabaraGame";
			};
			name = Release;
		};
		CA1EDE8D207E25E1003B92C9 /* Debug */ = {
			isa = XCBuildConfiguration;
			buildSettings = {
				ALWAYS_EMBED_SWIFT_STANDARD_LIBRARIES = YES;
				CODE_SIGN_STYLE = Automatic;
				DEVELOPMENT_TEAM = BV8VP6YGE9;
				INFOPLIST_FILE = BarabaraGameUITests/Info.plist;
				LD_RUNPATH_SEARCH_PATHS = (
					"$(inherited)",
					"@executable_path/Frameworks",
					"@loader_path/Frameworks",
				);
				PRODUCT_BUNDLE_IDENTIFIER = jp.sho.BarabaraGameUITests;
				PRODUCT_NAME = "$(TARGET_NAME)";
				SWIFT_VERSION = 4.0;
				TARGETED_DEVICE_FAMILY = "1,2";
				TEST_TARGET_NAME = BarabaraGame;
			};
			name = Debug;
		};
		CA1EDE8E207E25E1003B92C9 /* Release */ = {
			isa = XCBuildConfiguration;
			buildSettings = {
				ALWAYS_EMBED_SWIFT_STANDARD_LIBRARIES = YES;
				CODE_SIGN_STYLE = Automatic;
				DEVELOPMENT_TEAM = BV8VP6YGE9;
				INFOPLIST_FILE = BarabaraGameUITests/Info.plist;
				LD_RUNPATH_SEARCH_PATHS = (
					"$(inherited)",
					"@executable_path/Frameworks",
					"@loader_path/Frameworks",
				);
				PRODUCT_BUNDLE_IDENTIFIER = jp.sho.BarabaraGameUITests;
				PRODUCT_NAME = "$(TARGET_NAME)";
				SWIFT_VERSION = 4.0;
				TARGETED_DEVICE_FAMILY = "1,2";
				TEST_TARGET_NAME = BarabaraGame;
			};
			name = Release;
		};
/* End XCBuildConfiguration section */

/* Begin XCConfigurationList section */
		CA1EDE59207E25D9003B92C9 /* Build configuration list for PBXProject "BarabaraGame" */ = {
			isa = XCConfigurationList;
			buildConfigurations = (
				CA1EDE84207E25E1003B92C9 /* Debug */,
				CA1EDE85207E25E1003B92C9 /* Release */,
			);
			defaultConfigurationIsVisible = 0;
			defaultConfigurationName = Release;
		};
		CA1EDE86207E25E1003B92C9 /* Build configuration list for PBXNativeTarget "BarabaraGame" */ = {
			isa = XCConfigurationList;
			buildConfigurations = (
				CA1EDE87207E25E1003B92C9 /* Debug */,
				CA1EDE88207E25E1003B92C9 /* Release */,
			);
			defaultConfigurationIsVisible = 0;
			defaultConfigurationName = Release;
		};
		CA1EDE89207E25E1003B92C9 /* Build configuration list for PBXNativeTarget "BarabaraGameTests" */ = {
			isa = XCConfigurationList;
			buildConfigurations = (
				CA1EDE8A207E25E1003B92C9 /* Debug */,
				CA1EDE8B207E25E1003B92C9 /* Release */,
			);
			defaultConfigurationIsVisible = 0;
			defaultConfigurationName = Release;
		};
		CA1EDE8C207E25E1003B92C9 /* Build configuration list for PBXNativeTarget "BarabaraGameUITests" */ = {
			isa = XCConfigurationList;
			buildConfigurations = (
				CA1EDE8D207E25E1003B92C9 /* Debug */,
				CA1EDE8E207E25E1003B92C9 /* Release */,
			);
			defaultConfigurationIsVisible = 0;
			defaultConfigurationName = Release;
		};
/* End XCConfigurationList section */
	};
	rootObject = CA1EDE56207E25D9003B92C9 /* Project object */;
}
